
Microsoft Visual Studio Solution File, Format Version 12.00
# Visual Studio Version 16
VisualStudioVersion = 16.0.34114.132
MinimumVisualStudioVersion = 10.0.40219.1
Project("{8BC9CEB8-8B4A-11D0-8D11-00A0C91BC942}") = "CoolmeleonWaterPump", "CoolmeleonWaterPump.vcxproj", "{C980A6C7-82E8-409F-9070-410FECB2FEA8}"
EndProject
Global
	GlobalSection(SolutionConfigurationPlatforms) = preSolution
		Debug|x86 = Debug|x86
		Release|x86 = Release|x86
	EndGlobalSection
	GlobalSection(ProjectConfigurationPlatforms) = postSolution
		{C980A6C7-82E8-409F-9070-410FECB2FEA8}.Debug|x86.ActiveCfg = Debug|Win32
		{C980A6C7-82E8-409F-9070-410FECB2FEA8}.Debug|x86.Build.0 = Debug|Win32
		{C980A6C7-82E8-409F-9070-410FECB2FEA8}.Release|x86.ActiveCfg = Release|Win32
		{C980A6C7-82E8-409F-9070-410FECB2FEA8}.Release|x86.Build.0 = Release|Win32
	EndGlobalSection
	GlobalSection(SolutionProperties) = preSolution
		HideSolutionNode = FALSE
	EndGlobalSection
	GlobalSection(ExtensibilityGlobals) = postSolution
		SolutionGuid = {F928BAC8-0470-4A95-87D6-FA91866E68E1}
	EndGlobalSection
EndGlobal
